{
  "name": "openai-compatible-sla-incident-drill-kit",
  "version": "0.1.0",
  "lockfileVersion": 3,
  "requires": true,
  "packages": {
    "": {
      "name": "openai-compatible-sla-incident-drill-kit",
      "version": "0.1.0",
      "license": "MIT",
      "bin": {
        "openai-compatible-sla-drill": "scripts/drill.js"
      }
    }
  }
}
